
Microsoft Visual Studio Solution File, Format Version 12.00
# Visual Studio Version 17
VisualStudioVersion = 17.10.35122.118
MinimumVisualStudioVersion = 10.0.40219.1
Project("{9A19103F-16F7-4668-BE54-9A1E7A4F7556}") = "SysAcopioDeRL", "SysAcopioDeRL\SysAcopioDeRL.csproj", "{8C6E0E2A-3B27-4A23-A457-A0957AA62483}"
EndProject
Project("{FAE04EC0-301F-11D3-BF4B-00C04F79EFBC}") = "SysAcopioDeRL.UIDesktop", "SysAcopioDeRL.UIDesktop\SysAcopioDeRL.UIDesktop.csproj", "{8C5917BC-CD72-4F19-926D-81AAD7E27A32}"
EndProject
Project("{FAE04EC0-301F-11D3-BF4B-00C04F79EFBC}") = "SysAcopioDeRL.Infrastructure", "SysAcopioDeRL.Infrastructure\SysAcopioDeRL.Infrastructure.csproj", "{58D8BD10-2268-43BC-AEF3-24D63E40153F}"
EndProject
Global
	GlobalSection(SolutionConfigurationPlatforms) = preSolution
		Debug|Any CPU = Debug|Any CPU
		Release|Any CPU = Release|Any CPU
	EndGlobalSection
	GlobalSection(ProjectConfigurationPlatforms) = postSolution
		{8C6E0E2A-3B27-4A23-A457-A0957AA62483}.Debug|Any CPU.ActiveCfg = Debug|Any CPU
		{8C6E0E2A-3B27-4A23-A457-A0957AA62483}.Debug|Any CPU.Build.0 = Debug|Any CPU
		{8C6E0E2A-3B27-4A23-A457-A0957AA62483}.Release|Any CPU.ActiveCfg = Release|Any CPU
		{8C6E0E2A-3B27-4A23-A457-A0957AA62483}.Release|Any CPU.Build.0 = Release|Any CPU
		{8C5917BC-CD72-4F19-926D-81AAD7E27A32}.Debug|Any CPU.ActiveCfg = Debug|Any CPU
		{8C5917BC-CD72-4F19-926D-81AAD7E27A32}.Debug|Any CPU.Build.0 = Debug|Any CPU
		{8C5917BC-CD72-4F19-926D-81AAD7E27A32}.Release|Any CPU.ActiveCfg = Release|Any CPU
		{8C5917BC-CD72-4F19-926D-81AAD7E27A32}.Release|Any CPU.Build.0 = Release|Any CPU
		{58D8BD10-2268-43BC-AEF3-24D63E40153F}.Debug|Any CPU.ActiveCfg = Debug|Any CPU
		{58D8BD10-2268-43BC-AEF3-24D63E40153F}.Debug|Any CPU.Build.0 = Debug|Any CPU
		{58D8BD10-2268-43BC-AEF3-24D63E40153F}.Release|Any CPU.ActiveCfg = Release|Any CPU
		{58D8BD10-2268-43BC-AEF3-24D63E40153F}.Release|Any CPU.Build.0 = Release|Any CPU
	EndGlobalSection
	GlobalSection(SolutionProperties) = preSolution
		HideSolutionNode = FALSE
	EndGlobalSection
	GlobalSection(ExtensibilityGlobals) = postSolution
		SolutionGuid = {23779137-9428-4EB9-B185-7D08E3DDB568}
	EndGlobalSection
EndGlobal
